
Microsoft Visual Studio Solution File, Format Version 11.00
# Visual Studio 2010
Project("{FAE04EC0-301F-11D3-BF4B-00C04F79EFBC}") = "frz", "frz.csproj", "{9F060F3F-31C5-40BB-9E21-C3134CE9D893}"
EndProject
Global
	GlobalSection(SolutionConfigurationPlatforms) = preSolution
		Debug|x86 = Debug|x86
		Release|x86 = Release|x86
	EndGlobalSection
	GlobalSection(ProjectConfigurationPlatforms) = postSolution
		{9F060F3F-31C5-40BB-9E21-C3134CE9D893}.Debug|x86.ActiveCfg = Debug|x86
		{9F060F3F-31C5-40BB-9E21-C3134CE9D893}.Debug|x86.Build.0 = Debug|x86
		{9F060F3F-31C5-40BB-9E21-C3134CE9D893}.Release|x86.ActiveCfg = Release|x86
		{9F060F3F-31C5-40BB-9E21-C3134CE9D893}.Release|x86.Build.0 = Release|x86
	EndGlobalSection
	GlobalSection(MonoDevelopProperties) = preSolution
		StartupItem = frz.csproj
	EndGlobalSection
EndGlobal
